
Microsoft Visual Studio Solution File, Format Version 12.00
# Visual Studio 15
VisualStudioVersion = 15.0.28010.2026
MinimumVisualStudioVersion = 10.0.40219.1
Project("{FAE04EC0-301F-11D3-BF4B-00C04F79EFBC}") = "Buzzer.Android", "Buzzer\Buzzer.Android\Buzzer.Android.csproj", "{2988E1DA-871C-4031-AFCF-10E40C980B4D}"
EndProject
Project("{FAE04EC0-301F-11D3-BF4B-00C04F79EFBC}") = "Buzzer.iOS", "Buzzer\Buzzer.iOS\Buzzer.iOS.csproj", "{EEF60F15-C75B-49A8-8642-A3933A382CFA}"
EndProject
Project("{FAE04EC0-301F-11D3-BF4B-00C04F79EFBC}") = "Buzzer.UWP", "Buzzer\Buzzer.UWP\Buzzer.UWP.csproj", "{B6696096-61F6-4F21-BF74-D421A558A692}"
EndProject
Project("{9A19103F-16F7-4668-BE54-9A1E7A4F7556}") = "Buzzer", "Buzzer\Buzzer\Buzzer.csproj", "{AF1E5B63-A4DA-4F0A-A26E-34F94A033401}"
EndProject
Global
	GlobalSection(SolutionConfigurationPlatforms) = preSolution
		Ad-Hoc|Any CPU = Ad-Hoc|Any CPU
		Ad-Hoc|ARM = Ad-Hoc|ARM
		Ad-Hoc|iPhone = Ad-Hoc|iPhone
		Ad-Hoc|iPhoneSimulator = Ad-Hoc|iPhoneSimulator
		Ad-Hoc|x64 = Ad-Hoc|x64
		Ad-Hoc|x86 = Ad-Hoc|x86
		AppStore|Any CPU = AppStore|Any CPU
		AppStore|ARM = AppStore|ARM
		AppStore|iPhone = AppStore|iPhone
		AppStore|iPhoneSimulator = AppStore|iPhoneSimulator
		AppStore|x64 = AppStore|x64
		AppStore|x86 = AppStore|x86
		Debug|Any CPU = Debug|Any CPU
		Debug|ARM = Debug|ARM
		Debug|iPhone = Debug|iPhone
		Debug|iPhoneSimulator = Debug|iPhoneSimulator
		Debug|x64 = Debug|x64
		Debug|x86 = Debug|x86
		Release|Any CPU = Release|Any CPU
		Release|ARM = Release|ARM
		Release|iPhone = Release|iPhone
		Release|iPhoneSimulator = Release|iPhoneSimulator
		Release|x64 = Release|x64
		Release|x86 = Release|x86
	EndGlobalSection
	GlobalSection(ProjectConfigurationPlatforms) = postSolution
		{2988E1DA-871C-4031-AFCF-10E40C980B4D}.Ad-Hoc|Any CPU.ActiveCfg = Release|Any CPU
		{2988E1DA-871C-4031-AFCF-10E40C980B4D}.Ad-Hoc|Any CPU.Build.0 = Release|Any CPU
		{2988E1DA-871C-4031-AFCF-10E40C980B4D}.Ad-Hoc|Any CPU.Deploy.0 = Release|Any CPU
		{2988E1DA-871C-4031-AFCF-10E40C980B4D}.Ad-Hoc|ARM.ActiveCfg = Release|Any CPU
		{2988E1DA-871C-4031-AFCF-10E40C980B4D}.Ad-Hoc|ARM.Build.0 = Release|Any CPU
		{2988E1DA-871C-4031-AFCF-10E40C980B4D}.Ad-Hoc|ARM.Deploy.0 = Release|Any CPU
		{2988E1DA-871C-4031-AFCF-10E40C980B4D}.Ad-Hoc|iPhone.ActiveCfg = Release|Any CPU
		{2988E1DA-871C-4031-AFCF-10E40C980B4D}.Ad-Hoc|iPhone.Build.0 = Release|Any CPU
		{2988E1DA-871C-4031-AFCF-10E40C980B4D}.Ad-Hoc|iPhone.Deploy.0 = Release|Any CPU
		{2988E1DA-871C-4031-AFCF-10E40C980B4D}.Ad-Hoc|iPhoneSimulator.ActiveCfg = Release|Any CPU
		{2988E1DA-871C-4031-AFCF-10E40C980B4D}.Ad-Hoc|iPhoneSimulator.Build.0 = Release|Any CPU
		{2988E1DA-871C-4031-AFCF-10E40C980B4D}.Ad-Hoc|iPhoneSimulator.Deploy.0 = Release|Any CPU
		{2988E1DA-871C-4031-AFCF-10E40C980B4D}.Ad-Hoc|x64.ActiveCfg = Release|Any CPU
		{2988E1DA-871C-4031-AFCF-10E40C980B4D}.Ad-Hoc|x64.Build.0 = Release|Any CPU
		{2988E1DA-871C-4031-AFCF-10E40C980B4D}.Ad-Hoc|x64.Deploy.0 = Release|Any CPU
		{2988E1DA-871C-4031-AFCF-10E40C980B4D}.Ad-Hoc|x86.ActiveCfg = Release|Any CPU
		{2988E1DA-871C-4031-AFCF-10E40C980B4D}.Ad-Hoc|x86.Build.0 = Release|Any CPU
		{2988E1DA-871C-4031-AFCF-10E40C980B4D}.Ad-Hoc|x86.Deploy.0 = Release|Any CPU
		{2988E1DA-871C-4031-AFCF-10E40C980B4D}.AppStore|Any CPU.ActiveCfg = Release|Any CPU
		{2988E1DA-871C-4031-AFCF-10E40C980B4D}.AppStore|Any CPU.Build.0 = Release|Any CPU
		{2988E1DA-871C-4031-AFCF-10E40C980B4D}.AppStore|Any CPU.Deploy.0 = Release|Any CPU
		{2988E1DA-871C-4031-AFCF-10E40C980B4D}.AppStore|ARM.ActiveCfg = Release|Any CPU
		{2988E1DA-871C-4031-AFCF-10E40C980B4D}.AppStore|ARM.Build.0 = Release|Any CPU
		{2988E1DA-871C-4031-AFCF-10E40C980B4D}.AppStore|ARM.Deploy.0 = Release|Any CPU
		{2988E1DA-871C-4031-AFCF-10E40C980B4D}.AppStore|iPhone.ActiveCfg = Release|Any CPU
		{2988E1DA-871C-4031-AFCF-10E40C980B4D}.AppStore|iPhone.Build.0 = Release|Any CPU
		{2988E1DA-871C-4031-AFCF-10E40C980B4D}.AppStore|iPhone.Deploy.0 = Release|Any CPU
		{2988E1DA-871C-4031-AFCF-10E40C980B4D}.AppStore|iPhoneSimulator.ActiveCfg = Release|Any CPU
		{2988E1DA-871C-4031-AFCF-10E40C980B4D}.AppStore|iPhoneSimulator.Build.0 = Release|Any CPU
		{2988E1DA-871C-4031-AFCF-10E40C980B4D}.AppStore|iPhoneSimulator.Deploy.0 = Release|Any CPU
		{2988E1DA-871C-4031-AFCF-10E40C980B4D}.AppStore|x64.ActiveCfg = Release|Any CPU
		{2988E1DA-871C-4031-AFCF-10E40C980B4D}.AppStore|x64.Build.0 = Release|Any CPU
		{2988E1DA-871C-4031-AFCF-10E40C980B4D}.AppStore|x64.Deploy.0 = Release|Any CPU
		{2988E1DA-871C-4031-AFCF-10E40C980B4D}.AppStore|x86.ActiveCfg = Release|Any CPU
		{2988E1DA-871C-4031-AFCF-10E40C980B4D}.AppStore|x86.Build.0 = Release|Any CPU
		{2988E1DA-871C-4031-AFCF-10E40C980B4D}.AppStore|x86.Deploy.0 = Release|Any CPU
		{2988E1DA-871C-4031-AFCF-10E40C980B4D}.Debug|Any CPU.ActiveCfg = Debug|Any CPU
		{2988E1DA-871C-4031-AFCF-10E40C980B4D}.Debug|Any CPU.Build.0 = Debug|Any CPU
		{2988E1DA-871C-4031-AFCF-10E40C980B4D}.Debug|Any CPU.Deploy.0 = Debug|Any CPU
		{2988E1DA-871C-4031-AFCF-10E40C980B4D}.Debug|ARM.ActiveCfg = Debug|Any CPU
		{2988E1DA-871C-4031-AFCF-10E40C980B4D}.Debug|ARM.Build.0 = Debug|Any CPU
		{2988E1DA-871C-4031-AFCF-10E40C980B4D}.Debug|ARM.Deploy.0 = Debug|Any CPU
		{2988E1DA-871C-4031-AFCF-10E40C980B4D}.Debug|iPhone.ActiveCfg = Debug|Any CPU
		{2988E1DA-871C-4031-AFCF-10E40C980B4D}.Debug|iPhone.Build.0 = Debug|Any CPU
		{2988E1DA-871C-4031-AFCF-10E40C980B4D}.Debug|iPhone.Deploy.0 = Debug|Any CPU
		{2988E1DA-871C-4031-AFCF-10E40C980B4D}.Debug|iPhoneSimulator.ActiveCfg = Debug|Any CPU
		{2988E1DA-871C-4031-AFCF-10E40C980B4D}.Debug|iPhoneSimulator.Build.0 = Debug|Any CPU
		{2988E1DA-871C-4031-AFCF-10E40C980B4D}.Debug|iPhoneSimulator.Deploy.0 = Debug|Any CPU
		{2988E1DA-871C-4031-AFCF-10E40C980B4D}.Debug|x64.ActiveCfg = Debug|Any CPU
		{2988E1DA-871C-4031-AFCF-10E40C980B4D}.Debug|x64.Build.0 = Debug|Any CPU
		{2988E1DA-871C-4031-AFCF-10E40C980B4D}.Debug|x64.Deploy.0 = Debug|Any CPU
		{2988E1DA-871C-4031-AFCF-10E40C980B4D}.Debug|x86.ActiveCfg = Debug|Any CPU
		{2988E1DA-871C-4031-AFCF-10E40C980B4D}.Debug|x86.Build.0 = Debug|Any CPU
		{2988E1DA-871C-4031-AFCF-10E40C980B4D}.Debug|x86.Deploy.0 = Debug|Any CPU
		{2988E1DA-871C-4031-AFCF-10E40C980B4D}.Release|Any CPU.ActiveCfg = Release|Any CPU
		{2988E1DA-871C-4031-AFCF-10E40C980B4D}.Release|Any CPU.Build.0 = Release|Any CPU
		{2988E1DA-871C-4031-AFCF-10E40C980B4D}.Release|Any CPU.Deploy.0 = Release|Any CPU
		{2988E1DA-871C-4031-AFCF-10E40C980B4D}.Release|ARM.ActiveCfg = Release|Any CPU
		{2988E1DA-871C-4031-AFCF-10E40C980B4D}.Release|ARM.Build.0 = Release|Any CPU
		{2988E1DA-871C-4031-AFCF-10E40C980B4D}.Release|ARM.Deploy.0 = Release|Any CPU
		{2988E1DA-871C-4031-AFCF-10E40C980B4D}.Release|iPhone.ActiveCfg = Release|Any CPU
		{2988E1DA-871C-4031-AFCF-10E40C980B4D}.Release|iPhone.Build.0 = Release|Any CPU
		{2988E1DA-871C-4031-AFCF-10E40C980B4D}.Release|iPhone.Deploy.0 = Release|Any CPU
		{2988E1DA-871C-4031-AFCF-10E40C980B4D}.Release|iPhoneSimulator.ActiveCfg = Release|Any CPU
		{2988E1DA-871C-4031-AFCF-10E40C980B4D}.Release|iPhoneSimulator.Build.0 = Release|Any CPU
		{2988E1DA-871C-4031-AFCF-10E40C980B4D}.Release|iPhoneSimulator.Deploy.0 = Release|Any CPU
		{2988E1DA-871C-4031-AFCF-10E40C980B4D}.Release|x64.ActiveCfg = Release|Any CPU
		{2988E1DA-871C-4031-AFCF-10E40C980B4D}.Release|x64.Build.0 = Release|Any CPU
		{2988E1DA-871C-4031-AFCF-10E40C980B4D}.Release|x64.Deploy.0 = Release|Any CPU
		{2988E1DA-871C-4031-AFCF-10E40C980B4D}.Release|x86.ActiveCfg = Release|Any CPU
		{2988E1DA-871C-4031-AFCF-10E40C980B4D}.Release|x86.Build.0 = Release|Any CPU
		{2988E1DA-871C-4031-AFCF-10E40C980B4D}.Release|x86.Deploy.0 = Release|Any CPU
		{EEF60F15-C75B-49A8-8642-A3933A382CFA}.Ad-Hoc|Any CPU.ActiveCfg = Ad-Hoc|iPhone
		{EEF60F15-C75B-49A8-8642-A3933A382CFA}.Ad-Hoc|Any CPU.Build.0 = Ad-Hoc|iPhone
		{EEF60F15-C75B-49A8-8642-A3933A382CFA}.Ad-Hoc|Any CPU.Deploy.0 = Ad-Hoc|iPhone
		{EEF60F15-C75B-49A8-8642-A3933A382CFA}.Ad-Hoc|ARM.ActiveCfg = Ad-Hoc|iPhone
		{EEF60F15-C75B-49A8-8642-A3933A382CFA}.Ad-Hoc|ARM.Build.0 = Ad-Hoc|iPhone
		{EEF60F15-C75B-49A8-8642-A3933A382CFA}.Ad-Hoc|ARM.Deploy.0 = Ad-Hoc|iPhone
		{EEF60F15-C75B-49A8-8642-A3933A382CFA}.Ad-Hoc|iPhone.ActiveCfg = Ad-Hoc|iPhone
		{EEF60F15-C75B-49A8-8642-A3933A382CFA}.Ad-Hoc|iPhone.Build.0 = Ad-Hoc|iPhone
		{EEF60F15-C75B-49A8-8642-A3933A382CFA}.Ad-Hoc|iPhone.Deploy.0 = Ad-Hoc|iPhone
		{EEF60F15-C75B-49A8-8642-A3933A382CFA}.Ad-Hoc|iPhoneSimulator.ActiveCfg = Ad-Hoc|iPhoneSimulator
		{EEF60F15-C75B-49A8-8642-A3933A382CFA}.Ad-Hoc|iPhoneSimulator.Build.0 = Ad-Hoc|iPhoneSimulator
		{EEF60F15-C75B-49A8-8642-A3933A382CFA}.Ad-Hoc|iPhoneSimulator.Deploy.0 = Ad-Hoc|iPhoneSimulator
		{EEF60F15-C75B-49A8-8642-A3933A382CFA}.Ad-Hoc|x64.ActiveCfg = Ad-Hoc|iPhone
		{EEF60F15-C75B-49A8-8642-A3933A382CFA}.Ad-Hoc|x64.Build.0 = Ad-Hoc|iPhone
		{EEF60F15-C75B-49A8-8642-A3933A382CFA}.Ad-Hoc|x64.Deploy.0 = Ad-Hoc|iPhone
		{EEF60F15-C75B-49A8-8642-A3933A382CFA}.Ad-Hoc|x86.ActiveCfg = Ad-Hoc|iPhone
		{EEF60F15-C75B-49A8-8642-A3933A382CFA}.Ad-Hoc|x86.Build.0 = Ad-Hoc|iPhone
		{EEF60F15-C75B-49A8-8642-A3933A382CFA}.Ad-Hoc|x86.Deploy.0 = Ad-Hoc|iPhone
		{EEF60F15-C75B-49A8-8642-A3933A382CFA}.AppStore|Any CPU.ActiveCfg = AppStore|iPhone
		{EEF60F15-C75B-49A8-8642-A3933A382CFA}.AppStore|Any CPU.Build.0 = AppStore|iPhone
		{EEF60F15-C75B-49A8-8642-A3933A382CFA}.AppStore|Any CPU.Deploy.0 = AppStore|iPhone
		{EEF60F15-C75B-49A8-8642-A3933A382CFA}.AppStore|ARM.ActiveCfg = AppStore|iPhone
		{EEF60F15-C75B-49A8-8642-A3933A382CFA}.AppStore|ARM.Build.0 = AppStore|iPhone
		{EEF60F15-C75B-49A8-8642-A3933A382CFA}.AppStore|ARM.Deploy.0 = AppStore|iPhone
		{EEF60F15-C75B-49A8-8642-A3933A382CFA}.AppStore|iPhone.ActiveCfg = AppStore|iPhone
		{EEF60F15-C75B-49A8-8642-A3933A382CFA}.AppStore|iPhone.Build.0 = AppStore|iPhone
		{EEF60F15-C75B-49A8-8642-A3933A382CFA}.AppStore|iPhone.Deploy.0 = AppStore|iPhone
		{EEF60F15-C75B-49A8-8642-A3933A382CFA}.AppStore|iPhoneSimulator.ActiveCfg = AppStore|iPhoneSimulator
		{EEF60F15-C75B-49A8-8642-A3933A382CFA}.AppStore|iPhoneSimulator.Build.0 = AppStore|iPhoneSimulator
		{EEF60F15-C75B-49A8-8642-A3933A382CFA}.AppStore|iPhoneSimulator.Deploy.0 = AppStore|iPhoneSimulator
		{EEF60F15-C75B-49A8-8642-A3933A382CFA}.AppStore|x64.ActiveCfg = AppStore|iPhone
		{EEF60F15-C75B-49A8-8642-A3933A382CFA}.AppStore|x64.Build.0 = AppStore|iPhone
		{EEF60F15-C75B-49A8-8642-A3933A382CFA}.AppStore|x64.Deploy.0 = AppStore|iPhone
		{EEF60F15-C75B-49A8-8642-A3933A382CFA}.AppStore|x86.ActiveCfg = AppStore|iPhone
		{EEF60F15-C75B-49A8-8642-A3933A382CFA}.AppStore|x86.Build.0 = AppStore|iPhone
		{EEF60F15-C75B-49A8-8642-A3933A382CFA}.AppStore|x86.Deploy.0 = AppStore|iPhone
		{EEF60F15-C75B-49A8-8642-A3933A382CFA}.Debug|Any CPU.ActiveCfg = Debug|iPhone
		{EEF60F15-C75B-49A8-8642-A3933A382CFA}.Debug|Any CPU.Build.0 = Debug|iPhone
		{EEF60F15-C75B-49A8-8642-A3933A382CFA}.Debug|Any CPU.Deploy.0 = Debug|iPhone
		{EEF60F15-C75B-49A8-8642-A3933A382CFA}.Debug|ARM.ActiveCfg = Debug|iPhone
		{EEF60F15-C75B-49A8-8642-A3933A382CFA}.Debug|ARM.Build.0 = Debug|iPhone
		{EEF60F15-C75B-49A8-8642-A3933A382CFA}.Debug|ARM.Deploy.0 = Debug|iPhone
		{EEF60F15-C75B-49A8-8642-A3933A382CFA}.Debug|iPhone.ActiveCfg = Debug|iPhone
		{EEF60F15-C75B-49A8-8642-A3933A382CFA}.Debug|iPhone.Build.0 = Debug|iPhone
		{EEF60F15-C75B-49A8-8642-A3933A382CFA}.Debug|iPhone.Deploy.0 = Debug|iPhone
		{EEF60F15-C75B-49A8-8642-A3933A382CFA}.Debug|iPhoneSimulator.ActiveCfg = Debug|iPhoneSimulator
		{EEF60F15-C75B-49A8-8642-A3933A382CFA}.Debug|iPhoneSimulator.Build.0 = Debug|iPhoneSimulator
		{EEF60F15-C75B-49A8-8642-A3933A382CFA}.Debug|iPhoneSimulator.Deploy.0 = Debug|iPhoneSimulator
		{EEF60F15-C75B-49A8-8642-A3933A382CFA}.Debug|x64.ActiveCfg = Debug|iPhone
		{EEF60F15-C75B-49A8-8642-A3933A382CFA}.Debug|x64.Build.0 = Debug|iPhone
		{EEF60F15-C75B-49A8-8642-A3933A382CFA}.Debug|x64.Deploy.0 = Debug|iPhone
		{EEF60F15-C75B-49A8-8642-A3933A382CFA}.Debug|x86.ActiveCfg = Debug|iPhoneSimulator
		{EEF60F15-C75B-49A8-8642-A3933A382CFA}.Debug|x86.Build.0 = Debug|iPhoneSimulator
		{EEF60F15-C75B-49A8-8642-A3933A382CFA}.Debug|x86.Deploy.0 = Debug|iPhoneSimulator
		{EEF60F15-C75B-49A8-8642-A3933A382CFA}.Release|Any CPU.ActiveCfg = Release|iPhone
		{EEF60F15-C75B-49A8-8642-A3933A382CFA}.Release|Any CPU.Build.0 = Release|iPhone
		{EEF60F15-C75B-49A8-8642-A3933A382CFA}.Release|Any CPU.Deploy.0 = Release|iPhone
		{EEF60F15-C75B-49A8-8642-A3933A382CFA}.Release|ARM.ActiveCfg = Release|iPhone
		{EEF60F15-C75B-49A8-8642-A3933A382CFA}.Release|ARM.Build.0 = Release|iPhone
		{EEF60F15-C75B-49A8-8642-A3933A382CFA}.Release|ARM.Deploy.0 = Release|iPhone
		{EEF60F15-C75B-49A8-8642-A3933A382CFA}.Release|iPhone.ActiveCfg = Release|iPhone
		{EEF60F15-C75B-49A8-8642-A3933A382CFA}.Release|iPhone.Build.0 = Release|iPhone
		{EEF60F15-C75B-49A8-8642-A3933A382CFA}.Release|iPhone.Deploy.0 = Release|iPhone
		{EEF60F15-C75B-49A8-8642-A3933A382CFA}.Release|iPhoneSimulator.ActiveCfg = Release|iPhoneSimulator
		{EEF60F15-C75B-49A8-8642-A3933A382CFA}.Release|iPhoneSimulator.Build.0 = Release|iPhoneSimulator
		{EEF60F15-C75B-49A8-8642-A3933A382CFA}.Release|iPhoneSimulator.Deploy.0 = Release|iPhoneSimulator
		{EEF60F15-C75B-49A8-8642-A3933A382CFA}.Release|x64.ActiveCfg = Release|iPhone
		{EEF60F15-C75B-49A8-8642-A3933A382CFA}.Release|x64.Build.0 = Release|iPhone
		{EEF60F15-C75B-49A8-8642-A3933A382CFA}.Release|x64.Deploy.0 = Release|iPhone
		{EEF60F15-C75B-49A8-8642-A3933A382CFA}.Release|x86.ActiveCfg = Release|iPhone
		{EEF60F15-C75B-49A8-8642-A3933A382CFA}.Release|x86.Build.0 = Release|iPhone
		{EEF60F15-C75B-49A8-8642-A3933A382CFA}.Release|x86.Deploy.0 = Release|iPhone
		{B6696096-61F6-4F21-BF74-D421A558A692}.Ad-Hoc|Any CPU.ActiveCfg = Release|x86
		{B6696096-61F6-4F21-BF74-D421A558A692}.Ad-Hoc|Any CPU.Build.0 = Release|x86
		{B6696096-61F6-4F21-BF74-D421A558A692}.Ad-Hoc|Any CPU.Deploy.0 = Release|x86
		{B6696096-61F6-4F21-BF74-D421A558A692}.Ad-Hoc|ARM.ActiveCfg = Release|ARM
		{B6696096-61F6-4F21-BF74-D421A558A692}.Ad-Hoc|ARM.Build.0 = Release|ARM
		{B6696096-61F6-4F21-BF74-D421A558A692}.Ad-Hoc|ARM.Deploy.0 = Release|ARM
		{B6696096-61F6-4F21-BF74-D421A558A692}.Ad-Hoc|iPhone.ActiveCfg = Release|x86
		{B6696096-61F6-4F21-BF74-D421A558A692}.Ad-Hoc|iPhone.Build.0 = Release|x86
		{B6696096-61F6-4F21-BF74-D421A558A692}.Ad-Hoc|iPhone.Deploy.0 = Release|x86
		{B6696096-61F6-4F21-BF74-D421A558A692}.Ad-Hoc|iPhoneSimulator.ActiveCfg = Release|x86
		{B6696096-61F6-4F21-BF74-D421A558A692}.Ad-Hoc|iPhoneSimulator.Build.0 = Release|x86
		{B6696096-61F6-4F21-BF74-D421A558A692}.Ad-Hoc|iPhoneSimulator.Deploy.0 = Release|x86
		{B6696096-61F6-4F21-BF74-D421A558A692}.Ad-Hoc|x64.ActiveCfg = Release|x64
		{B6696096-61F6-4F21-BF74-D421A558A692}.Ad-Hoc|x64.Build.0 = Release|x64
		{B6696096-61F6-4F21-BF74-D421A558A692}.Ad-Hoc|x64.Deploy.0 = Release|x64
		{B6696096-61F6-4F21-BF74-D421A558A692}.Ad-Hoc|x86.ActiveCfg = Release|x86
		{B6696096-61F6-4F21-BF74-D421A558A692}.Ad-Hoc|x86.Build.0 = Release|x86
		{B6696096-61F6-4F21-BF74-D421A558A692}.Ad-Hoc|x86.Deploy.0 = Release|x86
		{B6696096-61F6-4F21-BF74-D421A558A692}.AppStore|Any CPU.ActiveCfg = Release|x86
		{B6696096-61F6-4F21-BF74-D421A558A692}.AppStore|Any CPU.Build.0 = Release|x86
		{B6696096-61F6-4F21-BF74-D421A558A692}.AppStore|Any CPU.Deploy.0 = Release|x86
		{B6696096-61F6-4F21-BF74-D421A558A692}.AppStore|ARM.ActiveCfg = Release|ARM
		{B6696096-61F6-4F21-BF74-D421A558A692}.AppStore|ARM.Build.0 = Release|ARM
		{B6696096-61F6-4F21-BF74-D421A558A692}.AppStore|ARM.Deploy.0 = Release|ARM
		{B6696096-61F6-4F21-BF74-D421A558A692}.AppStore|iPhone.ActiveCfg = Release|x86
		{B6696096-61F6-4F21-BF74-D421A558A692}.AppStore|iPhone.Build.0 = Release|x86
		{B6696096-61F6-4F21-BF74-D421A558A692}.AppStore|iPhone.Deploy.0 = Release|x86
		{B6696096-61F6-4F21-BF74-D421A558A692}.AppStore|iPhoneSimulator.ActiveCfg = Release|x86
		{B6696096-61F6-4F21-BF74-D421A558A692}.AppStore|iPhoneSimulator.Build.0 = Release|x86
		{B6696096-61F6-4F21-BF74-D421A558A692}.AppStore|iPhoneSimulator.Deploy.0 = Release|x86
		{B6696096-61F6-4F21-BF74-D421A558A692}.AppStore|x64.ActiveCfg = Release|x64
		{B6696096-61F6-4F21-BF74-D421A558A692}.AppStore|x64.Build.0 = Release|x64
		{B6696096-61F6-4F21-BF74-D421A558A692}.AppStore|x64.Deploy.0 = Release|x64
		{B6696096-61F6-4F21-BF74-D421A558A692}.AppStore|x86.ActiveCfg = Release|x86
		{B6696096-61F6-4F21-BF74-D421A558A692}.AppStore|x86.Build.0 = Release|x86
		{B6696096-61F6-4F21-BF74-D421A558A692}.AppStore|x86.Deploy.0 = Release|x86
		{B6696096-61F6-4F21-BF74-D421A558A692}.Debug|Any CPU.ActiveCfg = Debug|x86
		{B6696096-61F6-4F21-BF74-D421A558A692}.Debug|Any CPU.Build.0 = Debug|x86
		{B6696096-61F6-4F21-BF74-D421A558A692}.Debug|Any CPU.Deploy.0 = Debug|x86
		{B6696096-61F6-4F21-BF74-D421A558A692}.Debug|ARM.ActiveCfg = Debug|ARM
		{B6696096-61F6-4F21-BF74-D421A558A692}.Debug|ARM.Build.0 = Debug|ARM
		{B6696096-61F6-4F21-BF74-D421A558A692}.Debug|ARM.Deploy.0 = Debug|ARM
		{B6696096-61F6-4F21-BF74-D421A558A692}.Debug|iPhone.ActiveCfg = Debug|x86
		{B6696096-61F6-4F21-BF74-D421A558A692}.Debug|iPhone.Build.0 = Debug|x86
		{B6696096-61F6-4F21-BF74-D421A558A692}.Debug|iPhone.Deploy.0 = Debug|x86
		{B6696096-61F6-4F21-BF74-D421A558A692}.Debug|iPhoneSimulator.ActiveCfg = Debug|x86
		{B6696096-61F6-4F21-BF74-D421A558A692}.Debug|iPhoneSimulator.Build.0 = Debug|x86
		{B6696096-61F6-4F21-BF74-D421A558A692}.Debug|iPhoneSimulator.Deploy.0 = Debug|x86
		{B6696096-61F6-4F21-BF74-D421A558A692}.Debug|x64.ActiveCfg = Debug|x64
		{B6696096-61F6-4F21-BF74-D421A558A692}.Debug|x64.Build.0 = Debug|x64
		{B6696096-61F6-4F21-BF74-D421A558A692}.Debug|x64.Deploy.0 = Debug|x64
		{B6696096-61F6-4F21-BF74-D421A558A692}.Debug|x86.ActiveCfg = Debug|x86
		{B6696096-61F6-4F21-BF74-D421A558A692}.Debug|x86.Build.0 = Debug|x86
		{B6696096-61F6-4F21-BF74-D421A558A692}.Debug|x86.Deploy.0 = Debug|x86
		{B6696096-61F6-4F21-BF74-D421A558A692}.Release|Any CPU.ActiveCfg = Release|x86
		{B6696096-61F6-4F21-BF74-D421A558A692}.Release|Any CPU.Build.0 = Release|x86
		{B6696096-61F6-4F21-BF74-D421A558A692}.Release|Any CPU.Deploy.0 = Release|x86
		{B6696096-61F6-4F21-BF74-D421A558A692}.Release|ARM.ActiveCfg = Release|ARM
		{B6696096-61F6-4F21-BF74-D421A558A692}.Release|ARM.Build.0 = Release|ARM
		{B6696096-61F6-4F21-BF74-D421A558A692}.Release|ARM.Deploy.0 = Release|ARM
		{B6696096-61F6-4F21-BF74-D421A558A692}.Release|iPhone.ActiveCfg = Release|x86
		{B6696096-61F6-4F21-BF74-D421A558A692}.Release|iPhone.Build.0 = Release|x86
		{B6696096-61F6-4F21-BF74-D421A558A692}.Release|iPhone.Deploy.0 = Release|x86
		{B6696096-61F6-4F21-BF74-D421A558A692}.Release|iPhoneSimulator.ActiveCfg = Release|x86
		{B6696096-61F6-4F21-BF74-D421A558A692}.Release|iPhoneSimulator.Build.0 = Release|x86
		{B6696096-61F6-4F21-BF74-D421A558A692}.Release|iPhoneSimulator.Deploy.0 = Release|x86
		{B6696096-61F6-4F21-BF74-D421A558A692}.Release|x64.ActiveCfg = Release|x64
		{B6696096-61F6-4F21-BF74-D421A558A692}.Release|x64.Build.0 = Release|x64
		{B6696096-61F6-4F21-BF74-D421A558A692}.Release|x64.Deploy.0 = Release|x64
		{B6696096-61F6-4F21-BF74-D421A558A692}.Release|x86.ActiveCfg = Release|x86
		{B6696096-61F6-4F21-BF74-D421A558A692}.Release|x86.Build.0 = Release|x86
		{B6696096-61F6-4F21-BF74-D421A558A692}.Release|x86.Deploy.0 = Release|x86
		{AF1E5B63-A4DA-4F0A-A26E-34F94A033401}.Ad-Hoc|Any CPU.ActiveCfg = Debug|Any CPU
		{AF1E5B63-A4DA-4F0A-A26E-34F94A033401}.Ad-Hoc|Any CPU.Build.0 = Debug|Any CPU
		{AF1E5B63-A4DA-4F0A-A26E-34F94A033401}.Ad-Hoc|Any CPU.Deploy.0 = Debug|Any CPU
		{AF1E5B63-A4DA-4F0A-A26E-34F94A033401}.Ad-Hoc|ARM.ActiveCfg = Debug|Any CPU
		{AF1E5B63-A4DA-4F0A-A26E-34F94A033401}.Ad-Hoc|ARM.Build.0 = Debug|Any CPU
		{AF1E5B63-A4DA-4F0A-A26E-34F94A033401}.Ad-Hoc|ARM.Deploy.0 = Debug|Any CPU
		{AF1E5B63-A4DA-4F0A-A26E-34F94A033401}.Ad-Hoc|iPhone.ActiveCfg = Debug|Any CPU
		{AF1E5B63-A4DA-4F0A-A26E-34F94A033401}.Ad-Hoc|iPhone.Build.0 = Debug|Any CPU
		{AF1E5B63-A4DA-4F0A-A26E-34F94A033401}.Ad-Hoc|iPhone.Deploy.0 = Debug|Any CPU
		{AF1E5B63-A4DA-4F0A-A26E-34F94A033401}.Ad-Hoc|iPhoneSimulator.ActiveCfg = Debug|Any CPU
		{AF1E5B63-A4DA-4F0A-A26E-34F94A033401}.Ad-Hoc|iPhoneSimulator.Build.0 = Debug|Any CPU
		{AF1E5B63-A4DA-4F0A-A26E-34F94A033401}.Ad-Hoc|iPhoneSimulator.Deploy.0 = Debug|Any CPU
		{AF1E5B63-A4DA-4F0A-A26E-34F94A033401}.Ad-Hoc|x64.ActiveCfg = Debug|Any CPU
		{AF1E5B63-A4DA-4F0A-A26E-34F94A033401}.Ad-Hoc|x64.Build.0 = Debug|Any CPU
		{AF1E5B63-A4DA-4F0A-A26E-34F94A033401}.Ad-Hoc|x64.Deploy.0 = Debug|Any CPU
		{AF1E5B63-A4DA-4F0A-A26E-34F94A033401}.Ad-Hoc|x86.ActiveCfg = Debug|Any CPU
		{AF1E5B63-A4DA-4F0A-A26E-34F94A033401}.Ad-Hoc|x86.Build.0 = Debug|Any CPU
		{AF1E5B63-A4DA-4F0A-A26E-34F94A033401}.Ad-Hoc|x86.Deploy.0 = Debug|Any CPU
		{AF1E5B63-A4DA-4F0A-A26E-34F94A033401}.AppStore|Any CPU.ActiveCfg = Debug|Any CPU
		{AF1E5B63-A4DA-4F0A-A26E-34F94A033401}.AppStore|Any CPU.Build.0 = Debug|Any CPU
		{AF1E5B63-A4DA-4F0A-A26E-34F94A033401}.AppStore|Any CPU.Deploy.0 = Debug|Any CPU
		{AF1E5B63-A4DA-4F0A-A26E-34F94A033401}.AppStore|ARM.ActiveCfg = Debug|Any CPU
		{AF1E5B63-A4DA-4F0A-A26E-34F94A033401}.AppStore|ARM.Build.0 = Debug|Any CPU
		{AF1E5B63-A4DA-4F0A-A26E-34F94A033401}.AppStore|ARM.Deploy.0 = Debug|Any CPU
		{AF1E5B63-A4DA-4F0A-A26E-34F94A033401}.AppStore|iPhone.ActiveCfg = Debug|Any CPU
		{AF1E5B63-A4DA-4F0A-A26E-34F94A033401}.AppStore|iPhone.Build.0 = Debug|Any CPU
		{AF1E5B63-A4DA-4F0A-A26E-34F94A033401}.AppStore|iPhone.Deploy.0 = Debug|Any CPU
		{AF1E5B63-A4DA-4F0A-A26E-34F94A033401}.AppStore|iPhoneSimulator.ActiveCfg = Debug|Any CPU
		{AF1E5B63-A4DA-4F0A-A26E-34F94A033401}.AppStore|iPhoneSimulator.Build.0 = Debug|Any CPU
		{AF1E5B63-A4DA-4F0A-A26E-34F94A033401}.AppStore|iPhoneSimulator.Deploy.0 = Debug|Any CPU
		{AF1E5B63-A4DA-4F0A-A26E-34F94A033401}.AppStore|x64.ActiveCfg = Debug|Any CPU
		{AF1E5B63-A4DA-4F0A-A26E-34F94A033401}.AppStore|x64.Build.0 = Debug|Any CPU
		{AF1E5B63-A4DA-4F0A-A26E-34F94A033401}.AppStore|x64.Deploy.0 = Debug|Any CPU
		{AF1E5B63-A4DA-4F0A-A26E-34F94A033401}.AppStore|x86.ActiveCfg = Debug|Any CPU
		{AF1E5B63-A4DA-4F0A-A26E-34F94A033401}.AppStore|x86.Build.0 = Debug|Any CPU
		{AF1E5B63-A4DA-4F0A-A26E-34F94A033401}.AppStore|x86.Deploy.0 = Debug|Any CPU
		{AF1E5B63-A4DA-4F0A-A26E-34F94A033401}.Debug|Any CPU.ActiveCfg = Debug|Any CPU
		{AF1E5B63-A4DA-4F0A-A26E-34F94A033401}.Debug|Any CPU.Build.0 = Debug|Any CPU
		{AF1E5B63-A4DA-4F0A-A26E-34F94A033401}.Debug|Any CPU.Deploy.0 = Debug|Any CPU
		{AF1E5B63-A4DA-4F0A-A26E-34F94A033401}.Debug|ARM.ActiveCfg = Debug|Any CPU
		{AF1E5B63-A4DA-4F0A-A26E-34F94A033401}.Debug|ARM.Build.0 = Debug|Any CPU
		{AF1E5B63-A4DA-4F0A-A26E-34F94A033401}.Debug|ARM.Deploy.0 = Debug|Any CPU
		{AF1E5B63-A4DA-4F0A-A26E-34F94A033401}.Debug|iPhone.ActiveCfg = Debug|Any CPU
		{AF1E5B63-A4DA-4F0A-A26E-34F94A033401}.Debug|iPhone.Build.0 = Debug|Any CPU
		{AF1E5B63-A4DA-4F0A-A26E-34F94A033401}.Debug|iPhone.Deploy.0 = Debug|Any CPU
		{AF1E5B63-A4DA-4F0A-A26E-34F94A033401}.Debug|iPhoneSimulator.ActiveCfg = Debug|Any CPU
		{AF1E5B63-A4DA-4F0A-A26E-34F94A033401}.Debug|iPhoneSimulator.Build.0 = Debug|Any CPU
		{AF1E5B63-A4DA-4F0A-A26E-34F94A033401}.Debug|iPhoneSimulator.Deploy.0 = Debug|Any CPU
		{AF1E5B63-A4DA-4F0A-A26E-34F94A033401}.Debug|x64.ActiveCfg = Debug|Any CPU
		{AF1E5B63-A4DA-4F0A-A26E-34F94A033401}.Debug|x64.Build.0 = Debug|Any CPU
		{AF1E5B63-A4DA-4F0A-A26E-34F94A033401}.Debug|x64.Deploy.0 = Debug|Any CPU
		{AF1E5B63-A4DA-4F0A-A26E-34F94A033401}.Debug|x86.ActiveCfg = Debug|Any CPU
		{AF1E5B63-A4DA-4F0A-A26E-34F94A033401}.Debug|x86.Build.0 = Debug|Any CPU
		{AF1E5B63-A4DA-4F0A-A26E-34F94A033401}.Debug|x86.Deploy.0 = Debug|Any CPU
		{AF1E5B63-A4DA-4F0A-A26E-34F94A033401}.Release|Any CPU.ActiveCfg = Release|Any CPU
		{AF1E5B63-A4DA-4F0A-A26E-34F94A033401}.Release|Any CPU.Build.0 = Release|Any CPU
		{AF1E5B63-A4DA-4F0A-A26E-34F94A033401}.Release|Any CPU.Deploy.0 = Release|Any CPU
		{AF1E5B63-A4DA-4F0A-A26E-34F94A033401}.Release|ARM.ActiveCfg = Release|Any CPU
		{AF1E5B63-A4DA-4F0A-A26E-34F94A033401}.Release|ARM.Build.0 = Release|Any CPU
		{AF1E5B63-A4DA-4F0A-A26E-34F94A033401}.Release|ARM.Deploy.0 = Release|Any CPU
		{AF1E5B63-A4DA-4F0A-A26E-34F94A033401}.Release|iPhone.ActiveCfg = Release|Any CPU
		{AF1E5B63-A4DA-4F0A-A26E-34F94A033401}.Release|iPhone.Build.0 = Release|Any CPU
		{AF1E5B63-A4DA-4F0A-A26E-34F94A033401}.Release|iPhone.Deploy.0 = Release|Any CPU
		{AF1E5B63-A4DA-4F0A-A26E-34F94A033401}.Release|iPhoneSimulator.ActiveCfg = Release|Any CPU
		{AF1E5B63-A4DA-4F0A-A26E-34F94A033401}.Release|iPhoneSimulator.Build.0 = Release|Any CPU
		{AF1E5B63-A4DA-4F0A-A26E-34F94A033401}.Release|iPhoneSimulator.Deploy.0 = Release|Any CPU
		{AF1E5B63-A4DA-4F0A-A26E-34F94A033401}.Release|x64.ActiveCfg = Release|Any CPU
		{AF1E5B63-A4DA-4F0A-A26E-34F94A033401}.Release|x64.Build.0 = Release|Any CPU
		{AF1E5B63-A4DA-4F0A-A26E-34F94A033401}.Release|x64.Deploy.0 = Release|Any CPU
		{AF1E5B63-A4DA-4F0A-A26E-34F94A033401}.Release|x86.ActiveCfg = Release|Any CPU
		{AF1E5B63-A4DA-4F0A-A26E-34F94A033401}.Release|x86.Build.0 = Release|Any CPU
		{AF1E5B63-A4DA-4F0A-A26E-34F94A033401}.Release|x86.Deploy.0 = Release|Any CPU
	EndGlobalSection
	GlobalSection(SolutionProperties) = preSolution
		HideSolutionNode = FALSE
	EndGlobalSection
	GlobalSection(ExtensibilityGlobals) = postSolution
		SolutionGuid = {DBFA48FC-7BAF-402B-9FE2-D576C221D2B2}
	EndGlobalSection
EndGlobal
